
Microsoft Visual Studio Solution File, Format Version 12.00
# Visual Studio 15
VisualStudioVersion = 15.0.28010.2041
MinimumVisualStudioVersion = 10.0.40219.1
Project("{888888A0-9F3D-457C-B088-3A5042F75D52}") = "MazerPy", "MazerPy\MazerPy.pyproj", "{618C2D76-D565-4C96-824F-B63F0A5D122A}"
EndProject
Global
	GlobalSection(SolutionConfigurationPlatforms) = preSolution
		Debug|Any CPU = Debug|Any CPU
		Release|Any CPU = Release|Any CPU
	EndGlobalSection
	GlobalSection(ProjectConfigurationPlatforms) = postSolution
		{618C2D76-D565-4C96-824F-B63F0A5D122A}.Debug|Any CPU.ActiveCfg = Debug|Any CPU
		{618C2D76-D565-4C96-824F-B63F0A5D122A}.Release|Any CPU.ActiveCfg = Release|Any CPU
	EndGlobalSection
	GlobalSection(SolutionProperties) = preSolution
		HideSolutionNode = FALSE
	EndGlobalSection
	GlobalSection(ExtensibilityGlobals) = postSolution
		SolutionGuid = {DF1412EE-51C2-4B62-AF68-0F083F517B7C}
	EndGlobalSection
EndGlobal
